
Microsoft Visual Studio Solution File, Format Version 12.00
# Visual Studio Version 17
VisualStudioVersion = 17.11.35303.130
MinimumVisualStudioVersion = 10.0.40219.1
Project("{FAE04EC0-301F-11D3-BF4B-00C04F79EFBC}") = "Parcial 1", "Parcial 1\Parcial 1.csproj", "{6A6AC553-C167-4F0F-8F02-0293B87F91C5}"
EndProject
Global
	GlobalSection(SolutionConfigurationPlatforms) = preSolution
		Debug|Any CPU = Debug|Any CPU
		Release|Any CPU = Release|Any CPU
	EndGlobalSection
	GlobalSection(ProjectConfigurationPlatforms) = postSolution
		{6A6AC553-C167-4F0F-8F02-0293B87F91C5}.Debug|Any CPU.ActiveCfg = Debug|Any CPU
		{6A6AC553-C167-4F0F-8F02-0293B87F91C5}.Debug|Any CPU.Build.0 = Debug|Any CPU
		{6A6AC553-C167-4F0F-8F02-0293B87F91C5}.Release|Any CPU.ActiveCfg = Release|Any CPU
		{6A6AC553-C167-4F0F-8F02-0293B87F91C5}.Release|Any CPU.Build.0 = Release|Any CPU
	EndGlobalSection
	GlobalSection(SolutionProperties) = preSolution
		HideSolutionNode = FALSE
	EndGlobalSection
	GlobalSection(ExtensibilityGlobals) = postSolution
		SolutionGuid = {AD62F1CB-BD45-4446-950F-4F9061646F64}
	EndGlobalSection
EndGlobal
