
Microsoft Visual Studio Solution File, Format Version 12.00
# Visual Studio Version 17
VisualStudioVersion = 17.11.35431.28
MinimumVisualStudioVersion = 10.0.40219.1
Project("{FAE04EC0-301F-11D3-BF4B-00C04F79EFBC}") = "Proyecto Semestral", "Proyecto Semestral\Proyecto Semestral.csproj", "{3199255C-830C-417B-B068-7E7EA7D7B936}"
EndProject
Global
	GlobalSection(SolutionConfigurationPlatforms) = preSolution
		Debug|Any CPU = Debug|Any CPU
		Release|Any CPU = Release|Any CPU
	EndGlobalSection
	GlobalSection(ProjectConfigurationPlatforms) = postSolution
		{3199255C-830C-417B-B068-7E7EA7D7B936}.Debug|Any CPU.ActiveCfg = Debug|Any CPU
		{3199255C-830C-417B-B068-7E7EA7D7B936}.Debug|Any CPU.Build.0 = Debug|Any CPU
		{3199255C-830C-417B-B068-7E7EA7D7B936}.Release|Any CPU.ActiveCfg = Release|Any CPU
		{3199255C-830C-417B-B068-7E7EA7D7B936}.Release|Any CPU.Build.0 = Release|Any CPU
	EndGlobalSection
	GlobalSection(SolutionProperties) = preSolution
		HideSolutionNode = FALSE
	EndGlobalSection
	GlobalSection(ExtensibilityGlobals) = postSolution
		SolutionGuid = {3342211F-B9C7-47AE-8608-9B56FCD41CBA}
	EndGlobalSection
EndGlobal
